
Microsoft Visual Studio Solution File, Format Version 12.00
# Visual Studio Version 17
VisualStudioVersion = 17.4.33110.190
MinimumVisualStudioVersion = 10.0.40219.1
Project("{9A19103F-16F7-4668-BE54-9A1E7A4F7556}") = "AOC_2k22_1", "AOC_2k22_1\AOC_2k22_1.csproj", "{F8F4D874-A74C-46AD-AA61-5B365F909220}"
EndProject
Project("{9A19103F-16F7-4668-BE54-9A1E7A4F7556}") = "AOC_2k22_2", "AOC_2k22_2\AOC_2k22_2.csproj", "{F4B6CD48-7B10-4E46-8086-17A2D5F51E73}"
EndProject
Project("{9A19103F-16F7-4668-BE54-9A1E7A4F7556}") = "AOC_2k22_3", "AOC_2k22_3\AOC_2k22_3.csproj", "{42144964-CFE4-4A85-A3E4-BCBA7BF0CBB2}"
EndProject
Project("{9A19103F-16F7-4668-BE54-9A1E7A4F7556}") = "AOC_2k22_4", "AOC_2k22_4\AOC_2k22_4.csproj", "{F09AFC4B-B2E6-4B26-9942-3331FEA504E0}"
EndProject
Project("{9A19103F-16F7-4668-BE54-9A1E7A4F7556}") = "AOC_2k22_Common", "AOC_2k22_Common\AOC_2k22_Common.csproj", "{49AE7AB7-14BC-4015-85A9-18B4A61F8CE7}"
EndProject
Project("{9A19103F-16F7-4668-BE54-9A1E7A4F7556}") = "AOC_2k22_5", "AOC_2k22_5\AOC_2k22_5.csproj", "{263B6FD7-A02C-4AEA-A855-961786D953C4}"
EndProject
Project("{9A19103F-16F7-4668-BE54-9A1E7A4F7556}") = "AOC_2k22_6", "AOC_2k22_6\AOC_2k22_6.csproj", "{0A545CC3-99E5-4B75-918A-0D0E10624FEA}"
EndProject
Project("{9A19103F-16F7-4668-BE54-9A1E7A4F7556}") = "AOC_2k22_7", "AOC_2k22_7\AOC_2k22_7.csproj", "{300E7C55-3B6E-4EF7-AA56-1845F4BDE897}"
EndProject
Project("{9A19103F-16F7-4668-BE54-9A1E7A4F7556}") = "AOC_2k22_8", "AOC_2k22_8\AOC_2k22_8.csproj", "{C884F285-5A3B-4A16-8454-3A5313B08FE1}"
EndProject
Project("{9A19103F-16F7-4668-BE54-9A1E7A4F7556}") = "AOC_2k22_9", "AOC_2k22_9\AOC_2k22_9.csproj", "{32B46E2C-2961-4C27-BE2C-211D99E2D1F4}"
EndProject
Project("{9A19103F-16F7-4668-BE54-9A1E7A4F7556}") = "AOC_2k22_10", "AOC_2k22_10\AOC_2k22_10.csproj", "{9D33C8CE-8BEB-4EFF-B8B2-610A96E34827}"
EndProject
Project("{9A19103F-16F7-4668-BE54-9A1E7A4F7556}") = "AOC_2k22_11", "AOC_2k22_11\AOC_2k22_11.csproj", "{F20B58F0-E5EB-4C3C-90A6-44F0F276560E}"
EndProject
Project("{9A19103F-16F7-4668-BE54-9A1E7A4F7556}") = "AOC_2k22_12", "AOC_2k22_12\AOC_2k22_12.csproj", "{78D75D18-B77B-4C19-B323-512694985841}"
EndProject
Project("{FAE04EC0-301F-11D3-BF4B-00C04F79EFBC}") = "AOC_2k22_13", "AOC_2k22_13\AOC_2k22_13.csproj", "{64C66CE1-28CD-457B-A80E-9CCFF9BFA12E}"
EndProject
Global
	GlobalSection(SolutionConfigurationPlatforms) = preSolution
		Debug|Any CPU = Debug|Any CPU
		Release|Any CPU = Release|Any CPU
	EndGlobalSection
	GlobalSection(ProjectConfigurationPlatforms) = postSolution
		{F8F4D874-A74C-46AD-AA61-5B365F909220}.Debug|Any CPU.ActiveCfg = Debug|Any CPU
		{F8F4D874-A74C-46AD-AA61-5B365F909220}.Debug|Any CPU.Build.0 = Debug|Any CPU
		{F8F4D874-A74C-46AD-AA61-5B365F909220}.Release|Any CPU.ActiveCfg = Release|Any CPU
		{F8F4D874-A74C-46AD-AA61-5B365F909220}.Release|Any CPU.Build.0 = Release|Any CPU
		{F4B6CD48-7B10-4E46-8086-17A2D5F51E73}.Debug|Any CPU.ActiveCfg = Debug|Any CPU
		{F4B6CD48-7B10-4E46-8086-17A2D5F51E73}.Debug|Any CPU.Build.0 = Debug|Any CPU
		{F4B6CD48-7B10-4E46-8086-17A2D5F51E73}.Release|Any CPU.ActiveCfg = Release|Any CPU
		{F4B6CD48-7B10-4E46-8086-17A2D5F51E73}.Release|Any CPU.Build.0 = Release|Any CPU
		{42144964-CFE4-4A85-A3E4-BCBA7BF0CBB2}.Debug|Any CPU.ActiveCfg = Debug|Any CPU
		{42144964-CFE4-4A85-A3E4-BCBA7BF0CBB2}.Debug|Any CPU.Build.0 = Debug|Any CPU
		{42144964-CFE4-4A85-A3E4-BCBA7BF0CBB2}.Release|Any CPU.ActiveCfg = Release|Any CPU
		{42144964-CFE4-4A85-A3E4-BCBA7BF0CBB2}.Release|Any CPU.Build.0 = Release|Any CPU
		{F09AFC4B-B2E6-4B26-9942-3331FEA504E0}.Debug|Any CPU.ActiveCfg = Debug|Any CPU
		{F09AFC4B-B2E6-4B26-9942-3331FEA504E0}.Debug|Any CPU.Build.0 = Debug|Any CPU
		{F09AFC4B-B2E6-4B26-9942-3331FEA504E0}.Release|Any CPU.ActiveCfg = Release|Any CPU
		{F09AFC4B-B2E6-4B26-9942-3331FEA504E0}.Release|Any CPU.Build.0 = Release|Any CPU
		{49AE7AB7-14BC-4015-85A9-18B4A61F8CE7}.Debug|Any CPU.ActiveCfg = Debug|Any CPU
		{49AE7AB7-14BC-4015-85A9-18B4A61F8CE7}.Debug|Any CPU.Build.0 = Debug|Any CPU
		{49AE7AB7-14BC-4015-85A9-18B4A61F8CE7}.Release|Any CPU.ActiveCfg = Release|Any CPU
		{49AE7AB7-14BC-4015-85A9-18B4A61F8CE7}.Release|Any CPU.Build.0 = Release|Any CPU
		{263B6FD7-A02C-4AEA-A855-961786D953C4}.Debug|Any CPU.ActiveCfg = Debug|Any CPU
		{263B6FD7-A02C-4AEA-A855-961786D953C4}.Debug|Any CPU.Build.0 = Debug|Any CPU
		{263B6FD7-A02C-4AEA-A855-961786D953C4}.Release|Any CPU.ActiveCfg = Release|Any CPU
		{263B6FD7-A02C-4AEA-A855-961786D953C4}.Release|Any CPU.Build.0 = Release|Any CPU
		{0A545CC3-99E5-4B75-918A-0D0E10624FEA}.Debug|Any CPU.ActiveCfg = Debug|Any CPU
		{0A545CC3-99E5-4B75-918A-0D0E10624FEA}.Debug|Any CPU.Build.0 = Debug|Any CPU
		{0A545CC3-99E5-4B75-918A-0D0E10624FEA}.Release|Any CPU.ActiveCfg = Release|Any CPU
		{0A545CC3-99E5-4B75-918A-0D0E10624FEA}.Release|Any CPU.Build.0 = Release|Any CPU
		{300E7C55-3B6E-4EF7-AA56-1845F4BDE897}.Debug|Any CPU.ActiveCfg = Debug|Any CPU
		{300E7C55-3B6E-4EF7-AA56-1845F4BDE897}.Debug|Any CPU.Build.0 = Debug|Any CPU
		{300E7C55-3B6E-4EF7-AA56-1845F4BDE897}.Release|Any CPU.ActiveCfg = Release|Any CPU
		{300E7C55-3B6E-4EF7-AA56-1845F4BDE897}.Release|Any CPU.Build.0 = Release|Any CPU
		{C884F285-5A3B-4A16-8454-3A5313B08FE1}.Debug|Any CPU.ActiveCfg = Debug|Any CPU
		{C884F285-5A3B-4A16-8454-3A5313B08FE1}.Debug|Any CPU.Build.0 = Debug|Any CPU
		{C884F285-5A3B-4A16-8454-3A5313B08FE1}.Release|Any CPU.ActiveCfg = Release|Any CPU
		{C884F285-5A3B-4A16-8454-3A5313B08FE1}.Release|Any CPU.Build.0 = Release|Any CPU
		{32B46E2C-2961-4C27-BE2C-211D99E2D1F4}.Debug|Any CPU.ActiveCfg = Debug|Any CPU
		{32B46E2C-2961-4C27-BE2C-211D99E2D1F4}.Debug|Any CPU.Build.0 = Debug|Any CPU
		{32B46E2C-2961-4C27-BE2C-211D99E2D1F4}.Release|Any CPU.ActiveCfg = Release|Any CPU
		{32B46E2C-2961-4C27-BE2C-211D99E2D1F4}.Release|Any CPU.Build.0 = Release|Any CPU
		{9D33C8CE-8BEB-4EFF-B8B2-610A96E34827}.Debug|Any CPU.ActiveCfg = Debug|Any CPU
		{9D33C8CE-8BEB-4EFF-B8B2-610A96E34827}.Debug|Any CPU.Build.0 = Debug|Any CPU
		{9D33C8CE-8BEB-4EFF-B8B2-610A96E34827}.Release|Any CPU.ActiveCfg = Release|Any CPU
		{9D33C8CE-8BEB-4EFF-B8B2-610A96E34827}.Release|Any CPU.Build.0 = Release|Any CPU
		{F20B58F0-E5EB-4C3C-90A6-44F0F276560E}.Debug|Any CPU.ActiveCfg = Debug|Any CPU
		{F20B58F0-E5EB-4C3C-90A6-44F0F276560E}.Debug|Any CPU.Build.0 = Debug|Any CPU
		{F20B58F0-E5EB-4C3C-90A6-44F0F276560E}.Release|Any CPU.ActiveCfg = Release|Any CPU
		{F20B58F0-E5EB-4C3C-90A6-44F0F276560E}.Release|Any CPU.Build.0 = Release|Any CPU
		{78D75D18-B77B-4C19-B323-512694985841}.Debug|Any CPU.ActiveCfg = Debug|Any CPU
		{78D75D18-B77B-4C19-B323-512694985841}.Debug|Any CPU.Build.0 = Debug|Any CPU
		{78D75D18-B77B-4C19-B323-512694985841}.Release|Any CPU.ActiveCfg = Release|Any CPU
		{78D75D18-B77B-4C19-B323-512694985841}.Release|Any CPU.Build.0 = Release|Any CPU
		{64C66CE1-28CD-457B-A80E-9CCFF9BFA12E}.Debug|Any CPU.ActiveCfg = Debug|Any CPU
		{64C66CE1-28CD-457B-A80E-9CCFF9BFA12E}.Debug|Any CPU.Build.0 = Debug|Any CPU
		{64C66CE1-28CD-457B-A80E-9CCFF9BFA12E}.Release|Any CPU.ActiveCfg = Release|Any CPU
		{64C66CE1-28CD-457B-A80E-9CCFF9BFA12E}.Release|Any CPU.Build.0 = Release|Any CPU
	EndGlobalSection
	GlobalSection(SolutionProperties) = preSolution
		HideSolutionNode = FALSE
	EndGlobalSection
	GlobalSection(ExtensibilityGlobals) = postSolution
		SolutionGuid = {5D9638DD-6559-4ACF-B36F-58F80AFAD09C}
	EndGlobalSection
EndGlobal
