
Microsoft Visual Studio Solution File, Format Version 12.00
# Visual Studio Version 17
VisualStudioVersion = 17.4.33110.190
MinimumVisualStudioVersion = 10.0.40219.1
Project("{9A19103F-16F7-4668-BE54-9A1E7A4F7556}") = "AOC_2k22_1", "AOC_2k22_1\AOC_2k22_1.csproj", "{F8F4D874-A74C-46AD-AA61-5B365F909220}"
EndProject
Project("{9A19103F-16F7-4668-BE54-9A1E7A4F7556}") = "AOC_2k22_2", "AOC_2k22_2\AOC_2k22_2.csproj", "{F4B6CD48-7B10-4E46-8086-17A2D5F51E73}"
EndProject
Project("{9A19103F-16F7-4668-BE54-9A1E7A4F7556}") = "AOC_2k22_3", "AOC_2k22_3\AOC_2k22_3.csproj", "{42144964-CFE4-4A85-A3E4-BCBA7BF0CBB2}"
EndProject
Project("{9A19103F-16F7-4668-BE54-9A1E7A4F7556}") = "AOC_2k22_4", "AOC_2k22_4\AOC_2k22_4.csproj", "{F09AFC4B-B2E6-4B26-9942-3331FEA504E0}"
EndProject
Project("{9A19103F-16F7-4668-BE54-9A1E7A4F7556}") = "AOC_2k22_Common", "AOC_2k22_Common\AOC_2k22_Common.csproj", "{49AE7AB7-14BC-4015-85A9-18B4A61F8CE7}"
EndProject
Project("{9A19103F-16F7-4668-BE54-9A1E7A4F7556}") = "AOC_2k22_5", "AOC_2k22_5\AOC_2k22_5.csproj", "{263B6FD7-A02C-4AEA-A855-961786D953C4}"
EndProject
Project("{FAE04EC0-301F-11D3-BF4B-00C04F79EFBC}") = "AOC_2k22_6", "AOC_2k22_6\AOC_2k22_6.csproj", "{0A545CC3-99E5-4B75-918A-0D0E10624FEA}"
EndProject
Global
	GlobalSection(SolutionConfigurationPlatforms) = preSolution
		Debug|Any CPU = Debug|Any CPU
		Release|Any CPU = Release|Any CPU
	EndGlobalSection
	GlobalSection(ProjectConfigurationPlatforms) = postSolution
		{F8F4D874-A74C-46AD-AA61-5B365F909220}.Debug|Any CPU.ActiveCfg = Debug|Any CPU
		{F8F4D874-A74C-46AD-AA61-5B365F909220}.Debug|Any CPU.Build.0 = Debug|Any CPU
		{F8F4D874-A74C-46AD-AA61-5B365F909220}.Release|Any CPU.ActiveCfg = Release|Any CPU
		{F8F4D874-A74C-46AD-AA61-5B365F909220}.Release|Any CPU.Build.0 = Release|Any CPU
		{F4B6CD48-7B10-4E46-8086-17A2D5F51E73}.Debug|Any CPU.ActiveCfg = Debug|Any CPU
		{F4B6CD48-7B10-4E46-8086-17A2D5F51E73}.Debug|Any CPU.Build.0 = Debug|Any CPU
		{F4B6CD48-7B10-4E46-8086-17A2D5F51E73}.Release|Any CPU.ActiveCfg = Release|Any CPU
		{F4B6CD48-7B10-4E46-8086-17A2D5F51E73}.Release|Any CPU.Build.0 = Release|Any CPU
		{42144964-CFE4-4A85-A3E4-BCBA7BF0CBB2}.Debug|Any CPU.ActiveCfg = Debug|Any CPU
		{42144964-CFE4-4A85-A3E4-BCBA7BF0CBB2}.Debug|Any CPU.Build.0 = Debug|Any CPU
		{42144964-CFE4-4A85-A3E4-BCBA7BF0CBB2}.Release|Any CPU.ActiveCfg = Release|Any CPU
		{42144964-CFE4-4A85-A3E4-BCBA7BF0CBB2}.Release|Any CPU.Build.0 = Release|Any CPU
		{F09AFC4B-B2E6-4B26-9942-3331FEA504E0}.Debug|Any CPU.ActiveCfg = Debug|Any CPU
		{F09AFC4B-B2E6-4B26-9942-3331FEA504E0}.Debug|Any CPU.Build.0 = Debug|Any CPU
		{F09AFC4B-B2E6-4B26-9942-3331FEA504E0}.Release|Any CPU.ActiveCfg = Release|Any CPU
		{F09AFC4B-B2E6-4B26-9942-3331FEA504E0}.Release|Any CPU.Build.0 = Release|Any CPU
		{49AE7AB7-14BC-4015-85A9-18B4A61F8CE7}.Debug|Any CPU.ActiveCfg = Debug|Any CPU
		{49AE7AB7-14BC-4015-85A9-18B4A61F8CE7}.Debug|Any CPU.Build.0 = Debug|Any CPU
		{49AE7AB7-14BC-4015-85A9-18B4A61F8CE7}.Release|Any CPU.ActiveCfg = Release|Any CPU
		{49AE7AB7-14BC-4015-85A9-18B4A61F8CE7}.Release|Any CPU.Build.0 = Release|Any CPU
		{263B6FD7-A02C-4AEA-A855-961786D953C4}.Debug|Any CPU.ActiveCfg = Debug|Any CPU
		{263B6FD7-A02C-4AEA-A855-961786D953C4}.Debug|Any CPU.Build.0 = Debug|Any CPU
		{263B6FD7-A02C-4AEA-A855-961786D953C4}.Release|Any CPU.ActiveCfg = Release|Any CPU
		{263B6FD7-A02C-4AEA-A855-961786D953C4}.Release|Any CPU.Build.0 = Release|Any CPU
		{0A545CC3-99E5-4B75-918A-0D0E10624FEA}.Debug|Any CPU.ActiveCfg = Debug|Any CPU
		{0A545CC3-99E5-4B75-918A-0D0E10624FEA}.Debug|Any CPU.Build.0 = Debug|Any CPU
		{0A545CC3-99E5-4B75-918A-0D0E10624FEA}.Release|Any CPU.ActiveCfg = Release|Any CPU
		{0A545CC3-99E5-4B75-918A-0D0E10624FEA}.Release|Any CPU.Build.0 = Release|Any CPU
	EndGlobalSection
	GlobalSection(SolutionProperties) = preSolution
		HideSolutionNode = FALSE
	EndGlobalSection
	GlobalSection(ExtensibilityGlobals) = postSolution
		SolutionGuid = {5D9638DD-6559-4ACF-B36F-58F80AFAD09C}
	EndGlobalSection
EndGlobal
